
Microsoft Visual Studio Solution File, Format Version 12.00
# Visual Studio Version 17
VisualStudioVersion = 17.10.35004.147
MinimumVisualStudioVersion = 10.0.40219.1
Project("{9A19103F-16F7-4668-BE54-9A1E7A4F7556}") = "HackerNews.BestStories.Tests", "tests\HackerNews.BestStories.Tests\HackerNews.BestStories.Tests.csproj", "{0FF1932F-22E7-4CB9-AC2D-89C247FEAE6D}"
EndProject
Project("{9A19103F-16F7-4668-BE54-9A1E7A4F7556}") = "HackerNews.BestStories.Api", "src\HackerNews.BestStories.Api\HackerNews.BestStories.Api.csproj", "{8595EE86-EE53-4917-8CE9-F53D01E53F0B}"
EndProject
Global
	GlobalSection(SolutionConfigurationPlatforms) = preSolution
		Debug|Any CPU = Debug|Any CPU
		Release|Any CPU = Release|Any CPU
	EndGlobalSection
	GlobalSection(ProjectConfigurationPlatforms) = postSolution
		{0FF1932F-22E7-4CB9-AC2D-89C247FEAE6D}.Debug|Any CPU.ActiveCfg = Debug|Any CPU
		{0FF1932F-22E7-4CB9-AC2D-89C247FEAE6D}.Debug|Any CPU.Build.0 = Debug|Any CPU
		{0FF1932F-22E7-4CB9-AC2D-89C247FEAE6D}.Release|Any CPU.ActiveCfg = Release|Any CPU
		{0FF1932F-22E7-4CB9-AC2D-89C247FEAE6D}.Release|Any CPU.Build.0 = Release|Any CPU
		{8595EE86-EE53-4917-8CE9-F53D01E53F0B}.Debug|Any CPU.ActiveCfg = Debug|Any CPU
		{8595EE86-EE53-4917-8CE9-F53D01E53F0B}.Debug|Any CPU.Build.0 = Debug|Any CPU
		{8595EE86-EE53-4917-8CE9-F53D01E53F0B}.Release|Any CPU.ActiveCfg = Release|Any CPU
		{8595EE86-EE53-4917-8CE9-F53D01E53F0B}.Release|Any CPU.Build.0 = Release|Any CPU
	EndGlobalSection
	GlobalSection(SolutionProperties) = preSolution
		HideSolutionNode = FALSE
	EndGlobalSection
	GlobalSection(ExtensibilityGlobals) = postSolution
		SolutionGuid = {C2C3E881-DEF5-4A24-B3B4-83BD6BD3F33D}
	EndGlobalSection
EndGlobal
